
Microsoft Visual Studio Solution File, Format Version 12.00
# Visual Studio Version 16
VisualStudioVersion = 16.0.31515.178
MinimumVisualStudioVersion = 10.0.40219.1
Project("{FAE04EC0-301F-11D3-BF4B-00C04F79EFBC}") = "AzureFunctionApp02", "AzureFunctionApp02.csproj", "{14CE8A99-E7D6-477D-9ECA-672F260DB72D}"
EndProject
Global
	GlobalSection(SolutionConfigurationPlatforms) = preSolution
		Debug|Any CPU = Debug|Any CPU
		Release|Any CPU = Release|Any CPU
	EndGlobalSection
	GlobalSection(ProjectConfigurationPlatforms) = postSolution
		{14CE8A99-E7D6-477D-9ECA-672F260DB72D}.Debug|Any CPU.ActiveCfg = Debug|Any CPU
		{14CE8A99-E7D6-477D-9ECA-672F260DB72D}.Debug|Any CPU.Build.0 = Debug|Any CPU
		{14CE8A99-E7D6-477D-9ECA-672F260DB72D}.Release|Any CPU.ActiveCfg = Release|Any CPU
		{14CE8A99-E7D6-477D-9ECA-672F260DB72D}.Release|Any CPU.Build.0 = Release|Any CPU
	EndGlobalSection
	GlobalSection(SolutionProperties) = preSolution
		HideSolutionNode = FALSE
	EndGlobalSection
	GlobalSection(ExtensibilityGlobals) = postSolution
		SolutionGuid = {D2C0B689-CC82-4664-83CD-67B908C91B4F}
	EndGlobalSection
EndGlobal
